// !$*UTF8*$!
{
	archiveVersion = 1;
	classes = {
	};
	objectVersion = 56;
	objects = {

/* Begin PBXBuildFile section */
		930F975C2BB1873A0040FB3B /* Assets.xcassets in Resources */ = {isa = PBXBuildFile; fileRef = 930F97472BB1873A0040FB3B /* Assets.xcassets */; };
		935C1CB82BB186E600DAEDBD /* FootballAppApp.swift in Sources */ = {isa = PBXBuildFile; fileRef = 935C1CB72BB186E600DAEDBD /* FootballAppApp.swift */; };
		935C1CBA2BB186E600DAEDBD /* ContentView.swift in Sources */ = {isa = PBXBuildFile; fileRef = 935C1CB92BB186E600DAEDBD /* ContentView.swift */; };
		935C1CBF2BB186E800DAEDBD /* Preview Assets.xcassets in Resources */ = {isa = PBXBuildFile; fileRef = 935C1CBE2BB186E800DAEDBD /* Preview Assets.xcassets */; };
		9380D6652BB18B5D00A9759B /* WidgetKit.framework in Frameworks */ = {isa = PBXBuildFile; fileRef = 9380D6642BB18B5D00A9759B /* WidgetKit.framework */; };
		9380D6672BB18B5D00A9759B /* SwiftUI.framework in Frameworks */ = {isa = PBXBuildFile; fileRef = 9380D6662BB18B5D00A9759B /* SwiftUI.framework */; };
		9380D66A2BB18B5D00A9759B /* FootballAppWidgetBundle.swift in Sources */ = {isa = PBXBuildFile; fileRef = 9380D6692BB18B5D00A9759B /* FootballAppWidgetBundle.swift */; };
		9380D66C2BB18B5D00A9759B /* FootballAppWidget.swift in Sources */ = {isa = PBXBuildFile; fileRef = 9380D66B2BB18B5D00A9759B /* FootballAppWidget.swift */; };
		9380D66E2BB18B5F00A9759B /* Assets.xcassets in Resources */ = {isa = PBXBuildFile; fileRef = 9380D66D2BB18B5F00A9759B /* Assets.xcassets */; };
		9380D6722BB18B5F00A9759B /* FootballAppWidgetExtension.appex in Embed Foundation Extensions */ = {isa = PBXBuildFile; fileRef = 9380D6622BB18B5D00A9759B /* FootballAppWidgetExtension.appex */; settings = {ATTRIBUTES = (RemoveHeadersOnCopy, ); }; };
		9380D6792BB18F1700A9759B /* WidgetHeadingView.swift in Sources */ = {isa = PBXBuildFile; fileRef = 9380D6782BB18F1700A9759B /* WidgetHeadingView.swift */; };
		9380D67A2BB18F1700A9759B /* WidgetHeadingView.swift in Sources */ = {isa = PBXBuildFile; fileRef = 9380D6782BB18F1700A9759B /* WidgetHeadingView.swift */; };
		9380D67C2BB1930700A9759B /* WidgetMatchView.swift in Sources */ = {isa = PBXBuildFile; fileRef = 9380D67B2BB1930700A9759B /* WidgetMatchView.swift */; };
		9380D67D2BB1930700A9759B /* WidgetMatchView.swift in Sources */ = {isa = PBXBuildFile; fileRef = 9380D67B2BB1930700A9759B /* WidgetMatchView.swift */; };
		9380D6872BB19DB500A9759B /* Competition.swift in Sources */ = {isa = PBXBuildFile; fileRef = 9380D6862BB19DB500A9759B /* Competition.swift */; };
		9380D6882BB19DB600A9759B /* Competition.swift in Sources */ = {isa = PBXBuildFile; fileRef = 9380D6862BB19DB500A9759B /* Competition.swift */; };
		9380D68A2BB19E6F00A9759B /* ModelData.swift in Sources */ = {isa = PBXBuildFile; fileRef = 9380D6892BB19E6F00A9759B /* ModelData.swift */; };
		9380D68B2BB19E6F00A9759B /* ModelData.swift in Sources */ = {isa = PBXBuildFile; fileRef = 9380D6892BB19E6F00A9759B /* ModelData.swift */; };
		9380D6902BB1F5B700A9759B /* competitions.json in Resources */ = {isa = PBXBuildFile; fileRef = 9380D68F2BB1F5B700A9759B /* competitions.json */; };
		9380D6912BB1F5B700A9759B /* competitions.json in Resources */ = {isa = PBXBuildFile; fileRef = 9380D68F2BB1F5B700A9759B /* competitions.json */; };
		93AB86692BB18833006609F2 /* HomeView.swift in Sources */ = {isa = PBXBuildFile; fileRef = 93AB86682BB18833006609F2 /* HomeView.swift */; };
		93AB866B2BB1883B006609F2 /* FavoritesView.swift in Sources */ = {isa = PBXBuildFile; fileRef = 93AB866A2BB1883B006609F2 /* FavoritesView.swift */; };
		93AB866D2BB1884A006609F2 /* ProfileView.swift in Sources */ = {isa = PBXBuildFile; fileRef = 93AB866C2BB1884A006609F2 /* ProfileView.swift */; };
		93AB86712BB18877006609F2 /* MatchRow.swift in Sources */ = {isa = PBXBuildFile; fileRef = 93AB86702BB18877006609F2 /* MatchRow.swift */; };
		93AB86732BB18882006609F2 /* CompetitionRow.swift in Sources */ = {isa = PBXBuildFile; fileRef = 93AB86722BB18882006609F2 /* CompetitionRow.swift */; };
		93AB86752BB1888A006609F2 /* PlayerRow.swift in Sources */ = {isa = PBXBuildFile; fileRef = 93AB86742BB1888A006609F2 /* PlayerRow.swift */; };
		93AB86772BB18900006609F2 /* topHeading.swift in Sources */ = {isa = PBXBuildFile; fileRef = 93AB86762BB18900006609F2 /* topHeading.swift */; };
		93AB86792BB18910006609F2 /* HomeMatchView.swift in Sources */ = {isa = PBXBuildFile; fileRef = 93AB86782BB18910006609F2 /* HomeMatchView.swift */; };
		93AB867B2BB1891A006609F2 /* HomeCompetitionView.swift in Sources */ = {isa = PBXBuildFile; fileRef = 93AB867A2BB1891A006609F2 /* HomeCompetitionView.swift */; };
		93AB867D2BB18921006609F2 /* HomePlayerView.swift in Sources */ = {isa = PBXBuildFile; fileRef = 93AB867C2BB18921006609F2 /* HomePlayerView.swift */; };
		93AB86802BB18959006609F2 /* FavoritesHeading.swift in Sources */ = {isa = PBXBuildFile; fileRef = 93AB867F2BB18959006609F2 /* FavoritesHeading.swift */; };
		93AB86822BB18963006609F2 /* FavoritePlayersView.swift in Sources */ = {isa = PBXBuildFile; fileRef = 93AB86812BB18963006609F2 /* FavoritePlayersView.swift */; };
		93AB86842BB1896D006609F2 /* FavoritePlayersList.swift in Sources */ = {isa = PBXBuildFile; fileRef = 93AB86832BB1896D006609F2 /* FavoritePlayersList.swift */; };
		93AB86862BB1897A006609F2 /* FavoritePlayerListItem.swift in Sources */ = {isa = PBXBuildFile; fileRef = 93AB86852BB1897A006609F2 /* FavoritePlayerListItem.swift */; };
		93AB86882BB18984006609F2 /* FavoriteCompetitionView.swift in Sources */ = {isa = PBXBuildFile; fileRef = 93AB86872BB18984006609F2 /* FavoriteCompetitionView.swift */; };
		93AB868B2BB189F1006609F2 /* ProfileHeading.swift in Sources */ = {isa = PBXBuildFile; fileRef = 93AB868A2BB189F1006609F2 /* ProfileHeading.swift */; };
		93D508972BB59CBF0057D3C6 /* CompetitionView.swift in Sources */ = {isa = PBXBuildFile; fileRef = 93D508962BB59CBF0057D3C6 /* CompetitionView.swift */; };
/* End PBXBuildFile section */

/* Begin PBXContainerItemProxy section */
		9380D6702BB18B5F00A9759B /* PBXContainerItemProxy */ = {
			isa = PBXContainerItemProxy;
			containerPortal = 935C1CAC2BB186E600DAEDBD /* Project object */;
			proxyType = 1;
			remoteGlobalIDString = 9380D6612BB18B5D00A9759B;
			remoteInfo = FootballAppWidgetExtension;
		};
/* End PBXContainerItemProxy section */

/* Begin PBXCopyFilesBuildPhase section */
		9380D6732BB18B5F00A9759B /* Embed Foundation Extensions */ = {
			isa = PBXCopyFilesBuildPhase;
			buildActionMask = 2147483647;
			dstPath = "";
			dstSubfolderSpec = 13;
			files = (
				9380D6722BB18B5F00A9759B /* FootballAppWidgetExtension.appex in Embed Foundation Extensions */,
			);
			name = "Embed Foundation Extensions";
			runOnlyForDeploymentPostprocessing = 0;
		};
/* End PBXCopyFilesBuildPhase section */

/* Begin PBXFileReference section */
		930F97472BB1873A0040FB3B /* Assets.xcassets */ = {isa = PBXFileReference; lastKnownFileType = folder.assetcatalog; path = Assets.xcassets; sourceTree = "<group>"; };
		935C1CB42BB186E600DAEDBD /* FootballApp.app */ = {isa = PBXFileReference; explicitFileType = wrapper.application; includeInIndex = 0; path = FootballApp.app; sourceTree = BUILT_PRODUCTS_DIR; };
		935C1CB72BB186E600DAEDBD /* FootballAppApp.swift */ = {isa = PBXFileReference; lastKnownFileType = sourcecode.swift; path = FootballAppApp.swift; sourceTree = "<group>"; };
		935C1CB92BB186E600DAEDBD /* ContentView.swift */ = {isa = PBXFileReference; lastKnownFileType = sourcecode.swift; path = ContentView.swift; sourceTree = "<group>"; };
		935C1CBE2BB186E800DAEDBD /* Preview Assets.xcassets */ = {isa = PBXFileReference; lastKnownFileType = folder.assetcatalog; path = "Preview Assets.xcassets"; sourceTree = "<group>"; };
		9380D6622BB18B5D00A9759B /* FootballAppWidgetExtension.appex */ = {isa = PBXFileReference; explicitFileType = "wrapper.app-extension"; includeInIndex = 0; path = FootballAppWidgetExtension.appex; sourceTree = BUILT_PRODUCTS_DIR; };
		9380D6642BB18B5D00A9759B /* WidgetKit.framework */ = {isa = PBXFileReference; lastKnownFileType = wrapper.framework; name = WidgetKit.framework; path = System/Library/Frameworks/WidgetKit.framework; sourceTree = SDKROOT; };
		9380D6662BB18B5D00A9759B /* SwiftUI.framework */ = {isa = PBXFileReference; lastKnownFileType = wrapper.framework; name = SwiftUI.framework; path = System/Library/Frameworks/SwiftUI.framework; sourceTree = SDKROOT; };
		9380D6692BB18B5D00A9759B /* FootballAppWidgetBundle.swift */ = {isa = PBXFileReference; lastKnownFileType = sourcecode.swift; path = FootballAppWidgetBundle.swift; sourceTree = "<group>"; };
		9380D66B2BB18B5D00A9759B /* FootballAppWidget.swift */ = {isa = PBXFileReference; lastKnownFileType = sourcecode.swift; path = FootballAppWidget.swift; sourceTree = "<group>"; };
		9380D66D2BB18B5F00A9759B /* Assets.xcassets */ = {isa = PBXFileReference; lastKnownFileType = folder.assetcatalog; path = Assets.xcassets; sourceTree = "<group>"; };
		9380D66F2BB18B5F00A9759B /* Info.plist */ = {isa = PBXFileReference; lastKnownFileType = text.plist.xml; path = Info.plist; sourceTree = "<group>"; };
		9380D6782BB18F1700A9759B /* WidgetHeadingView.swift */ = {isa = PBXFileReference; lastKnownFileType = sourcecode.swift; path = WidgetHeadingView.swift; sourceTree = "<group>"; };
		9380D67B2BB1930700A9759B /* WidgetMatchView.swift */ = {isa = PBXFileReference; lastKnownFileType = sourcecode.swift; path = WidgetMatchView.swift; sourceTree = "<group>"; };
		9380D6862BB19DB500A9759B /* Competition.swift */ = {isa = PBXFileReference; lastKnownFileType = sourcecode.swift; path = Competition.swift; sourceTree = "<group>"; };
		9380D6892BB19E6F00A9759B /* ModelData.swift */ = {isa = PBXFileReference; lastKnownFileType = sourcecode.swift; path = ModelData.swift; sourceTree = "<group>"; };
		9380D68F2BB1F5B700A9759B /* competitions.json */ = {isa = PBXFileReference; fileEncoding = 4; lastKnownFileType = text.json; name = competitions.json; path = Data/competitions.json; sourceTree = SOURCE_ROOT; };
		93AB86682BB18833006609F2 /* HomeView.swift */ = {isa = PBXFileReference; lastKnownFileType = sourcecode.swift; path = HomeView.swift; sourceTree = "<group>"; };
		93AB866A2BB1883B006609F2 /* FavoritesView.swift */ = {isa = PBXFileReference; lastKnownFileType = sourcecode.swift; path = FavoritesView.swift; sourceTree = "<group>"; };
		93AB866C2BB1884A006609F2 /* ProfileView.swift */ = {isa = PBXFileReference; lastKnownFileType = sourcecode.swift; path = ProfileView.swift; sourceTree = "<group>"; };
		93AB86702BB18877006609F2 /* MatchRow.swift */ = {isa = PBXFileReference; lastKnownFileType = sourcecode.swift; path = MatchRow.swift; sourceTree = "<group>"; };
		93AB86722BB18882006609F2 /* CompetitionRow.swift */ = {isa = PBXFileReference; lastKnownFileType = sourcecode.swift; path = CompetitionRow.swift; sourceTree = "<group>"; };
		93AB86742BB1888A006609F2 /* PlayerRow.swift */ = {isa = PBXFileReference; lastKnownFileType = sourcecode.swift; path = PlayerRow.swift; sourceTree = "<group>"; };
		93AB86762BB18900006609F2 /* topHeading.swift */ = {isa = PBXFileReference; lastKnownFileType = sourcecode.swift; path = topHeading.swift; sourceTree = "<group>"; };
		93AB86782BB18910006609F2 /* HomeMatchView.swift */ = {isa = PBXFileReference; lastKnownFileType = sourcecode.swift; path = HomeMatchView.swift; sourceTree = "<group>"; };
		93AB867A2BB1891A006609F2 /* HomeCompetitionView.swift */ = {isa = PBXFileReference; lastKnownFileType = sourcecode.swift; path = HomeCompetitionView.swift; sourceTree = "<group>"; };
		93AB867C2BB18921006609F2 /* HomePlayerView.swift */ = {isa = PBXFileReference; lastKnownFileType = sourcecode.swift; path = HomePlayerView.swift; sourceTree = "<group>"; };
		93AB867F2BB18959006609F2 /* FavoritesHeading.swift */ = {isa = PBXFileReference; lastKnownFileType = sourcecode.swift; path = FavoritesHeading.swift; sourceTree = "<group>"; };
		93AB86812BB18963006609F2 /* FavoritePlayersView.swift */ = {isa = PBXFileReference; lastKnownFileType = sourcecode.swift; path = FavoritePlayersView.swift; sourceTree = "<group>"; };
		93AB86832BB1896D006609F2 /* FavoritePlayersList.swift */ = {isa = PBXFileReference; lastKnownFileType = sourcecode.swift; path = FavoritePlayersList.swift; sourceTree = "<group>"; };
		93AB86852BB1897A006609F2 /* FavoritePlayerListItem.swift */ = {isa = PBXFileReference; lastKnownFileType = sourcecode.swift; path = FavoritePlayerListItem.swift; sourceTree = "<group>"; };
		93AB86872BB18984006609F2 /* FavoriteCompetitionView.swift */ = {isa = PBXFileReference; lastKnownFileType = sourcecode.swift; path = FavoriteCompetitionView.swift; sourceTree = "<group>"; };
		93AB868A2BB189F1006609F2 /* ProfileHeading.swift */ = {isa = PBXFileReference; lastKnownFileType = sourcecode.swift; path = ProfileHeading.swift; sourceTree = "<group>"; };
		93D508962BB59CBF0057D3C6 /* CompetitionView.swift */ = {isa = PBXFileReference; lastKnownFileType = sourcecode.swift; path = CompetitionView.swift; sourceTree = "<group>"; };
/* End PBXFileReference section */

/* Begin PBXFrameworksBuildPhase section */
		935C1CB12BB186E600DAEDBD /* Frameworks */ = {
			isa = PBXFrameworksBuildPhase;
			buildActionMask = 2147483647;
			files = (
			);
			runOnlyForDeploymentPostprocessing = 0;
		};
		9380D65F2BB18B5D00A9759B /* Frameworks */ = {
			isa = PBXFrameworksBuildPhase;
			buildActionMask = 2147483647;
			files = (
				9380D6672BB18B5D00A9759B /* SwiftUI.framework in Frameworks */,
				9380D6652BB18B5D00A9759B /* WidgetKit.framework in Frameworks */,
			);
			runOnlyForDeploymentPostprocessing = 0;
		};
/* End PBXFrameworksBuildPhase section */

/* Begin PBXGroup section */
		935C1CAB2BB186E600DAEDBD = {
			isa = PBXGroup;
			children = (
				935C1CB62BB186E600DAEDBD /* FootballApp */,
				9380D6682BB18B5D00A9759B /* FootballAppWidget */,
				9380D6632BB18B5D00A9759B /* Frameworks */,
				935C1CB52BB186E600DAEDBD /* Products */,
			);
			sourceTree = "<group>";
		};
		935C1CB52BB186E600DAEDBD /* Products */ = {
			isa = PBXGroup;
			children = (
				935C1CB42BB186E600DAEDBD /* FootballApp.app */,
				9380D6622BB18B5D00A9759B /* FootballAppWidgetExtension.appex */,
			);
			name = Products;
			sourceTree = "<group>";
		};
		935C1CB62BB186E600DAEDBD /* FootballApp */ = {
			isa = PBXGroup;
			children = (
				9380D67E2BB19C7200A9759B /* Data */,
				935C1CB72BB186E600DAEDBD /* FootballAppApp.swift */,
				935C1CB92BB186E600DAEDBD /* ContentView.swift */,
				930F97472BB1873A0040FB3B /* Assets.xcassets */,
				93AB86672BB18825006609F2 /* Views */,
				93AB866E2BB18857006609F2 /* HomeViews */,
				935C1CBD2BB186E800DAEDBD /* Preview Content */,
			);
			path = FootballApp;
			sourceTree = "<group>";
		};
		935C1CBD2BB186E800DAEDBD /* Preview Content */ = {
			isa = PBXGroup;
			children = (
				935C1CBE2BB186E800DAEDBD /* Preview Assets.xcassets */,
			);
			path = "Preview Content";
			sourceTree = "<group>";
		};
		9380D6632BB18B5D00A9759B /* Frameworks */ = {
			isa = PBXGroup;
			children = (
				9380D6642BB18B5D00A9759B /* WidgetKit.framework */,
				9380D6662BB18B5D00A9759B /* SwiftUI.framework */,
			);
			name = Frameworks;
			sourceTree = "<group>";
		};
		9380D6682BB18B5D00A9759B /* FootballAppWidget */ = {
			isa = PBXGroup;
			children = (
				9380D6692BB18B5D00A9759B /* FootballAppWidgetBundle.swift */,
				9380D66B2BB18B5D00A9759B /* FootballAppWidget.swift */,
				9380D6772BB18EF500A9759B /* WidgetViews */,
				9380D66D2BB18B5F00A9759B /* Assets.xcassets */,
				9380D66F2BB18B5F00A9759B /* Info.plist */,
			);
			path = FootballAppWidget;
			sourceTree = "<group>";
		};
		9380D6772BB18EF500A9759B /* WidgetViews */ = {
			isa = PBXGroup;
			children = (
				9380D6782BB18F1700A9759B /* WidgetHeadingView.swift */,
				9380D67B2BB1930700A9759B /* WidgetMatchView.swift */,
			);
			path = WidgetViews;
			sourceTree = "<group>";
		};
		9380D67E2BB19C7200A9759B /* Data */ = {
			isa = PBXGroup;
			children = (
				9380D68F2BB1F5B700A9759B /* competitions.json */,
				9380D6892BB19E6F00A9759B /* ModelData.swift */,
				9380D6862BB19DB500A9759B /* Competition.swift */,
			);
			path = Data;
			sourceTree = "<group>";
		};
		93AB86672BB18825006609F2 /* Views */ = {
			isa = PBXGroup;
			children = (
				93AB86682BB18833006609F2 /* HomeView.swift */,
				93AB866A2BB1883B006609F2 /* FavoritesView.swift */,
				93AB866C2BB1884A006609F2 /* ProfileView.swift */,
				93D508962BB59CBF0057D3C6 /* CompetitionView.swift */,
			);
			path = Views;
			sourceTree = "<group>";
		};
		93AB866E2BB18857006609F2 /* HomeViews */ = {
			isa = PBXGroup;
			children = (
				93AB866F2BB1886D006609F2 /* RowViews */,
				93AB86762BB18900006609F2 /* topHeading.swift */,
				93AB86782BB18910006609F2 /* HomeMatchView.swift */,
				93AB867A2BB1891A006609F2 /* HomeCompetitionView.swift */,
				93AB867C2BB18921006609F2 /* HomePlayerView.swift */,
				93AB86892BB189C5006609F2 /* ProfileViews */,
				93AB867E2BB18943006609F2 /* FavoritesViews */,
			);
			path = HomeViews;
			sourceTree = "<group>";
		};
		93AB866F2BB1886D006609F2 /* RowViews */ = {
			isa = PBXGroup;
			children = (
				93AB86702BB18877006609F2 /* MatchRow.swift */,
				93AB86722BB18882006609F2 /* CompetitionRow.swift */,
				93AB86742BB1888A006609F2 /* PlayerRow.swift */,
			);
			path = RowViews;
			sourceTree = "<group>";
		};
		93AB867E2BB18943006609F2 /* FavoritesViews */ = {
			isa = PBXGroup;
			children = (
				93AB867F2BB18959006609F2 /* FavoritesHeading.swift */,
				93AB86812BB18963006609F2 /* FavoritePlayersView.swift */,
				93AB86832BB1896D006609F2 /* FavoritePlayersList.swift */,
				93AB86852BB1897A006609F2 /* FavoritePlayerListItem.swift */,
				93AB86872BB18984006609F2 /* FavoriteCompetitionView.swift */,
			);
			path = FavoritesViews;
			sourceTree = "<group>";
		};
		93AB86892BB189C5006609F2 /* ProfileViews */ = {
			isa = PBXGroup;
			children = (
				93AB868A2BB189F1006609F2 /* ProfileHeading.swift */,
			);
			path = ProfileViews;
			sourceTree = "<group>";
		};
/* End PBXGroup section */

/* Begin PBXNativeTarget section */
		935C1CB32BB186E600DAEDBD /* FootballApp */ = {
			isa = PBXNativeTarget;
			buildConfigurationList = 935C1CC22BB186E800DAEDBD /* Build configuration list for PBXNativeTarget "FootballApp" */;
			buildPhases = (
				935C1CB02BB186E600DAEDBD /* Sources */,
				935C1CB12BB186E600DAEDBD /* Frameworks */,
				935C1CB22BB186E600DAEDBD /* Resources */,
				9380D6732BB18B5F00A9759B /* Embed Foundation Extensions */,
			);
			buildRules = (
			);
			dependencies = (
				9380D6712BB18B5F00A9759B /* PBXTargetDependency */,
			);
			name = FootballApp;
			productName = FootballApp;
			productReference = 935C1CB42BB186E600DAEDBD /* FootballApp.app */;
			productType = "com.apple.product-type.application";
		};
		9380D6612BB18B5D00A9759B /* FootballAppWidgetExtension */ = {
			isa = PBXNativeTarget;
			buildConfigurationList = 9380D6762BB18B5F00A9759B /* Build configuration list for PBXNativeTarget "FootballAppWidgetExtension" */;
			buildPhases = (
				9380D65E2BB18B5D00A9759B /* Sources */,
				9380D65F2BB18B5D00A9759B /* Frameworks */,
				9380D6602BB18B5D00A9759B /* Resources */,
			);
			buildRules = (
			);
			dependencies = (
			);
			name = FootballAppWidgetExtension;
			productName = FootballAppWidgetExtension;
			productReference = 9380D6622BB18B5D00A9759B /* FootballAppWidgetExtension.appex */;
			productType = "com.apple.product-type.app-extension";
		};
/* End PBXNativeTarget section */

/* Begin PBXProject section */
		935C1CAC2BB186E600DAEDBD /* Project object */ = {
			isa = PBXProject;
			attributes = {
				BuildIndependentTargetsInParallel = 1;
				LastSwiftUpdateCheck = 1530;
				LastUpgradeCheck = 1530;
				TargetAttributes = {
					935C1CB32BB186E600DAEDBD = {
						CreatedOnToolsVersion = 15.3;
					};
					9380D6612BB18B5D00A9759B = {
						CreatedOnToolsVersion = 15.3;
					};
				};
			};
			buildConfigurationList = 935C1CAF2BB186E600DAEDBD /* Build configuration list for PBXProject "FootballApp" */;
			compatibilityVersion = "Xcode 14.0";
			developmentRegion = en;
			hasScannedForEncodings = 0;
			knownRegions = (
				en,
				Base,
			);
			mainGroup = 935C1CAB2BB186E600DAEDBD;
			productRefGroup = 935C1CB52BB186E600DAEDBD /* Products */;
			projectDirPath = "";
			projectRoot = "";
			targets = (
				935C1CB32BB186E600DAEDBD /* FootballApp */,
				9380D6612BB18B5D00A9759B /* FootballAppWidgetExtension */,
			);
		};
/* End PBXProject section */

/* Begin PBXResourcesBuildPhase section */
		935C1CB22BB186E600DAEDBD /* Resources */ = {
			isa = PBXResourcesBuildPhase;
			buildActionMask = 2147483647;
			files = (
				935C1CBF2BB186E800DAEDBD /* Preview Assets.xcassets in Resources */,
				930F975C2BB1873A0040FB3B /* Assets.xcassets in Resources */,
				9380D6902BB1F5B700A9759B /* competitions.json in Resources */,
			);
			runOnlyForDeploymentPostprocessing = 0;
		};
		9380D6602BB18B5D00A9759B /* Resources */ = {
			isa = PBXResourcesBuildPhase;
			buildActionMask = 2147483647;
			files = (
				9380D66E2BB18B5F00A9759B /* Assets.xcassets in Resources */,
				9380D6912BB1F5B700A9759B /* competitions.json in Resources */,
			);
			runOnlyForDeploymentPostprocessing = 0;
		};
/* End PBXResourcesBuildPhase section */

/* Begin PBXSourcesBuildPhase section */
		935C1CB02BB186E600DAEDBD /* Sources */ = {
			isa = PBXSourcesBuildPhase;
			buildActionMask = 2147483647;
			files = (
				93AB866B2BB1883B006609F2 /* FavoritesView.swift in Sources */,
				93AB86732BB18882006609F2 /* CompetitionRow.swift in Sources */,
				93AB86772BB18900006609F2 /* topHeading.swift in Sources */,
				93AB86692BB18833006609F2 /* HomeView.swift in Sources */,
				9380D67C2BB1930700A9759B /* WidgetMatchView.swift in Sources */,
				93AB868B2BB189F1006609F2 /* ProfileHeading.swift in Sources */,
				93AB86802BB18959006609F2 /* FavoritesHeading.swift in Sources */,
				93D508972BB59CBF0057D3C6 /* CompetitionView.swift in Sources */,
				9380D68A2BB19E6F00A9759B /* ModelData.swift in Sources */,
				9380D6792BB18F1700A9759B /* WidgetHeadingView.swift in Sources */,
				93AB86712BB18877006609F2 /* MatchRow.swift in Sources */,
				93AB86842BB1896D006609F2 /* FavoritePlayersList.swift in Sources */,
				93AB86882BB18984006609F2 /* FavoriteCompetitionView.swift in Sources */,
				93AB866D2BB1884A006609F2 /* ProfileView.swift in Sources */,
				935C1CBA2BB186E600DAEDBD /* ContentView.swift in Sources */,
				935C1CB82BB186E600DAEDBD /* FootballAppApp.swift in Sources */,
				93AB867D2BB18921006609F2 /* HomePlayerView.swift in Sources */,
				93AB86752BB1888A006609F2 /* PlayerRow.swift in Sources */,
				93AB86822BB18963006609F2 /* FavoritePlayersView.swift in Sources */,
				93AB867B2BB1891A006609F2 /* HomeCompetitionView.swift in Sources */,
				93AB86792BB18910006609F2 /* HomeMatchView.swift in Sources */,
				9380D6872BB19DB500A9759B /* Competition.swift in Sources */,
				93AB86862BB1897A006609F2 /* FavoritePlayerListItem.swift in Sources */,
			);
			runOnlyForDeploymentPostprocessing = 0;
		};
		9380D65E2BB18B5D00A9759B /* Sources */ = {
			isa = PBXSourcesBuildPhase;
			buildActionMask = 2147483647;
			files = (
				9380D67D2BB1930700A9759B /* WidgetMatchView.swift in Sources */,
				9380D6882BB19DB600A9759B /* Competition.swift in Sources */,
				9380D66C2BB18B5D00A9759B /* FootballAppWidget.swift in Sources */,
				9380D67A2BB18F1700A9759B /* WidgetHeadingView.swift in Sources */,
				9380D66A2BB18B5D00A9759B /* FootballAppWidgetBundle.swift in Sources */,
				9380D68B2BB19E6F00A9759B /* ModelData.swift in Sources */,
			);
			runOnlyForDeploymentPostprocessing = 0;
		};
/* End PBXSourcesBuildPhase section */

/* Begin PBXTargetDependency section */
		9380D6712BB18B5F00A9759B /* PBXTargetDependency */ = {
			isa = PBXTargetDependency;
			target = 9380D6612BB18B5D00A9759B /* FootballAppWidgetExtension */;
			targetProxy = 9380D6702BB18B5F00A9759B /* PBXContainerItemProxy */;
		};
/* End PBXTargetDependency section */

/* Begin XCBuildConfiguration section */
		935C1CC02BB186E800DAEDBD /* Debug */ = {
			isa = XCBuildConfiguration;
			buildSettings = {
				ALWAYS_SEARCH_USER_PATHS = NO;
				ASSETCATALOG_COMPILER_GENERATE_SWIFT_ASSET_SYMBOL_EXTENSIONS = YES;
				CLANG_ANALYZER_NONNULL = YES;
				CLANG_ANALYZER_NUMBER_OBJECT_CONVERSION = YES_AGGRESSIVE;
				CLANG_CXX_LANGUAGE_STANDARD = "gnu++20";
				CLANG_ENABLE_MODULES = YES;
				CLANG_ENABLE_OBJC_ARC = YES;
				CLANG_ENABLE_OBJC_WEAK = YES;
				CLANG_WARN_BLOCK_CAPTURE_AUTORELEASING = YES;
				CLANG_WARN_BOOL_CONVERSION = YES;
				CLANG_WARN_COMMA = YES;
				CLANG_WARN_CONSTANT_CONVERSION = YES;
				CLANG_WARN_DEPRECATED_OBJC_IMPLEMENTATIONS = YES;
				CLANG_WARN_DIRECT_OBJC_ISA_USAGE = YES_ERROR;
				CLANG_WARN_DOCUMENTATION_COMMENTS = YES;
				CLANG_WARN_EMPTY_BODY = YES;
				CLANG_WARN_ENUM_CONVERSION = YES;
				CLANG_WARN_INFINITE_RECURSION = YES;
				CLANG_WARN_INT_CONVERSION = YES;
				CLANG_WARN_NON_LITERAL_NULL_CONVERSION = YES;
				CLANG_WARN_OBJC_IMPLICIT_RETAIN_SELF = YES;
				CLANG_WARN_OBJC_LITERAL_CONVERSION = YES;
				CLANG_WARN_OBJC_ROOT_CLASS = YES_ERROR;
				CLANG_WARN_QUOTED_INCLUDE_IN_FRAMEWORK_HEADER = YES;
				CLANG_WARN_RANGE_LOOP_ANALYSIS = YES;
				CLANG_WARN_STRICT_PROTOTYPES = YES;
				CLANG_WARN_SUSPICIOUS_MOVE = YES;
				CLANG_WARN_UNGUARDED_AVAILABILITY = YES_AGGRESSIVE;
				CLANG_WARN_UNREACHABLE_CODE = YES;
				CLANG_WARN__DUPLICATE_METHOD_MATCH = YES;
				COPY_PHASE_STRIP = NO;
				DEBUG_INFORMATION_FORMAT = dwarf;
				ENABLE_STRICT_OBJC_MSGSEND = YES;
				ENABLE_TESTABILITY = YES;
				ENABLE_USER_SCRIPT_SANDBOXING = YES;
				GCC_C_LANGUAGE_STANDARD = gnu17;
				GCC_DYNAMIC_NO_PIC = NO;
				GCC_NO_COMMON_BLOCKS = YES;
				GCC_OPTIMIZATION_LEVEL = 0;
				GCC_PREPROCESSOR_DEFINITIONS = (
					"DEBUG=1",
					"$(inherited)",
				);
				GCC_WARN_64_TO_32_BIT_CONVERSION = YES;
				GCC_WARN_ABOUT_RETURN_TYPE = YES_ERROR;
				GCC_WARN_UNDECLARED_SELECTOR = YES;
				GCC_WARN_UNINITIALIZED_AUTOS = YES_AGGRESSIVE;
				GCC_WARN_UNUSED_FUNCTION = YES;
				GCC_WARN_UNUSED_VARIABLE = YES;
				IPHONEOS_DEPLOYMENT_TARGET = 17.4;
				LOCALIZATION_PREFERS_STRING_CATALOGS = YES;
				MTL_ENABLE_DEBUG_INFO = INCLUDE_SOURCE;
				MTL_FAST_MATH = YES;
				ONLY_ACTIVE_ARCH = YES;
				SDKROOT = iphoneos;
				SWIFT_ACTIVE_COMPILATION_CONDITIONS = "DEBUG $(inherited)";
				SWIFT_OPTIMIZATION_LEVEL = "-Onone";
			};
			name = Debug;
		};
		935C1CC12BB186E800DAEDBD /* Release */ = {
			isa = XCBuildConfiguration;
			buildSettings = {
				ALWAYS_SEARCH_USER_PATHS = NO;
				ASSETCATALOG_COMPILER_GENERATE_SWIFT_ASSET_SYMBOL_EXTENSIONS = YES;
				CLANG_ANALYZER_NONNULL = YES;
				CLANG_ANALYZER_NUMBER_OBJECT_CONVERSION = YES_AGGRESSIVE;
				CLANG_CXX_LANGUAGE_STANDARD = "gnu++20";
				CLANG_ENABLE_MODULES = YES;
				CLANG_ENABLE_OBJC_ARC = YES;
				CLANG_ENABLE_OBJC_WEAK = YES;
				CLANG_WARN_BLOCK_CAPTURE_AUTORELEASING = YES;
				CLANG_WARN_BOOL_CONVERSION = YES;
				CLANG_WARN_COMMA = YES;
				CLANG_WARN_CONSTANT_CONVERSION = YES;
				CLANG_WARN_DEPRECATED_OBJC_IMPLEMENTATIONS = YES;
				CLANG_WARN_DIRECT_OBJC_ISA_USAGE = YES_ERROR;
				CLANG_WARN_DOCUMENTATION_COMMENTS = YES;
				CLANG_WARN_EMPTY_BODY = YES;
				CLANG_WARN_ENUM_CONVERSION = YES;
				CLANG_WARN_INFINITE_RECURSION = YES;
				CLANG_WARN_INT_CONVERSION = YES;
				CLANG_WARN_NON_LITERAL_NULL_CONVERSION = YES;
				CLANG_WARN_OBJC_IMPLICIT_RETAIN_SELF = YES;
				CLANG_WARN_OBJC_LITERAL_CONVERSION = YES;
				CLANG_WARN_OBJC_ROOT_CLASS = YES_ERROR;
				CLANG_WARN_QUOTED_INCLUDE_IN_FRAMEWORK_HEADER = YES;
				CLANG_WARN_RANGE_LOOP_ANALYSIS = YES;
				CLANG_WARN_STRICT_PROTOTYPES = YES;
				CLANG_WARN_SUSPICIOUS_MOVE = YES;
				CLANG_WARN_UNGUARDED_AVAILABILITY = YES_AGGRESSIVE;
				CLANG_WARN_UNREACHABLE_CODE = YES;
				CLANG_WARN__DUPLICATE_METHOD_MATCH = YES;
				COPY_PHASE_STRIP = NO;
				DEBUG_INFORMATION_FORMAT = "dwarf-with-dsym";
				ENABLE_NS_ASSERTIONS = NO;
				ENABLE_STRICT_OBJC_MSGSEND = YES;
				ENABLE_USER_SCRIPT_SANDBOXING = YES;
				GCC_C_LANGUAGE_STANDARD = gnu17;
				GCC_NO_COMMON_BLOCKS = YES;
				GCC_WARN_64_TO_32_BIT_CONVERSION = YES;
				GCC_WARN_ABOUT_RETURN_TYPE = YES_ERROR;
				GCC_WARN_UNDECLARED_SELECTOR = YES;
				GCC_WARN_UNINITIALIZED_AUTOS = YES_AGGRESSIVE;
				GCC_WARN_UNUSED_FUNCTION = YES;
				GCC_WARN_UNUSED_VARIABLE = YES;
				IPHONEOS_DEPLOYMENT_TARGET = 17.4;
				LOCALIZATION_PREFERS_STRING_CATALOGS = YES;
				MTL_ENABLE_DEBUG_INFO = NO;
				MTL_FAST_MATH = YES;
				SDKROOT = iphoneos;
				SWIFT_COMPILATION_MODE = wholemodule;
				VALIDATE_PRODUCT = YES;
			};
			name = Release;
		};
		935C1CC32BB186E800DAEDBD /* Debug */ = {
			isa = XCBuildConfiguration;
			buildSettings = {
				ALWAYS_EMBED_SWIFT_STANDARD_LIBRARIES = YES;
				ASSETCATALOG_COMPILER_APPICON_NAME = AppIcon;
				ASSETCATALOG_COMPILER_GLOBAL_ACCENT_COLOR_NAME = AccentColor;
				CODE_SIGN_STYLE = Automatic;
				CURRENT_PROJECT_VERSION = 1;
				DEVELOPMENT_ASSET_PATHS = "\"FootballApp/Preview Content\"";
				ENABLE_PREVIEWS = YES;
				GENERATE_INFOPLIST_FILE = YES;
				INFOPLIST_KEY_UIApplicationSceneManifest_Generation = YES;
				INFOPLIST_KEY_UIApplicationSupportsIndirectInputEvents = YES;
				INFOPLIST_KEY_UILaunchScreen_Generation = YES;
				INFOPLIST_KEY_UISupportedInterfaceOrientations_iPad = "UIInterfaceOrientationPortrait UIInterfaceOrientationPortraitUpsideDown UIInterfaceOrientationLandscapeLeft UIInterfaceOrientationLandscapeRight";
				INFOPLIST_KEY_UISupportedInterfaceOrientations_iPhone = "UIInterfaceOrientationPortrait UIInterfaceOrientationLandscapeLeft UIInterfaceOrientationLandscapeRight";
				LD_RUNPATH_SEARCH_PATHS = (
					"$(inherited)",
					"@executable_path/Frameworks",
				);
				MARKETING_VERSION = 1.0;
				PRODUCT_BUNDLE_IDENTIFIER = jvleesenbeek.FootballApp;
				PRODUCT_NAME = "$(TARGET_NAME)";
				SWIFT_EMIT_LOC_STRINGS = YES;
				SWIFT_VERSION = 5.0;
				TARGETED_DEVICE_FAMILY = "1,2";
			};
			name = Debug;
		};
		935C1CC42BB186E800DAEDBD /* Release */ = {
			isa = XCBuildConfiguration;
			buildSettings = {
				ALWAYS_EMBED_SWIFT_STANDARD_LIBRARIES = YES;
				ASSETCATALOG_COMPILER_APPICON_NAME = AppIcon;
				ASSETCATALOG_COMPILER_GLOBAL_ACCENT_COLOR_NAME = AccentColor;
				CODE_SIGN_STYLE = Automatic;
				CURRENT_PROJECT_VERSION = 1;
				DEVELOPMENT_ASSET_PATHS = "\"FootballApp/Preview Content\"";
				ENABLE_PREVIEWS = YES;
				GENERATE_INFOPLIST_FILE = YES;
				INFOPLIST_KEY_UIApplicationSceneManifest_Generation = YES;
				INFOPLIST_KEY_UIApplicationSupportsIndirectInputEvents = YES;
				INFOPLIST_KEY_UILaunchScreen_Generation = YES;
				INFOPLIST_KEY_UISupportedInterfaceOrientations_iPad = "UIInterfaceOrientationPortrait UIInterfaceOrientationPortraitUpsideDown UIInterfaceOrientationLandscapeLeft UIInterfaceOrientationLandscapeRight";
				INFOPLIST_KEY_UISupportedInterfaceOrientations_iPhone = "UIInterfaceOrientationPortrait UIInterfaceOrientationLandscapeLeft UIInterfaceOrientationLandscapeRight";
				LD_RUNPATH_SEARCH_PATHS = (
					"$(inherited)",
					"@executable_path/Frameworks",
				);
				MARKETING_VERSION = 1.0;
				PRODUCT_BUNDLE_IDENTIFIER = jvleesenbeek.FootballApp;
				PRODUCT_NAME = "$(TARGET_NAME)";
				SWIFT_EMIT_LOC_STRINGS = YES;
				SWIFT_VERSION = 5.0;
				TARGETED_DEVICE_FAMILY = "1,2";
			};
			name = Release;
		};
		9380D6742BB18B5F00A9759B /* Debug */ = {
			isa = XCBuildConfiguration;
			buildSettings = {
				ASSETCATALOG_COMPILER_GLOBAL_ACCENT_COLOR_NAME = AccentColor;
				ASSETCATALOG_COMPILER_WIDGET_BACKGROUND_COLOR_NAME = WidgetBackground;
				CODE_SIGN_STYLE = Automatic;
				CURRENT_PROJECT_VERSION = 1;
				GENERATE_INFOPLIST_FILE = YES;
				INFOPLIST_FILE = FootballAppWidget/Info.plist;
				INFOPLIST_KEY_CFBundleDisplayName = FootballAppWidget;
				INFOPLIST_KEY_NSHumanReadableCopyright = "";
				LD_RUNPATH_SEARCH_PATHS = (
					"$(inherited)",
					"@executable_path/Frameworks",
					"@executable_path/../../Frameworks",
				);
				MARKETING_VERSION = 1.0;
				PRODUCT_BUNDLE_IDENTIFIER = jvleesenbeek.FootballApp.FootballAppWidget;
				PRODUCT_NAME = "$(TARGET_NAME)";
				SKIP_INSTALL = YES;
				SWIFT_EMIT_LOC_STRINGS = YES;
				SWIFT_VERSION = 5.0;
				TARGETED_DEVICE_FAMILY = "1,2";
			};
			name = Debug;
		};
		9380D6752BB18B5F00A9759B /* Release */ = {
			isa = XCBuildConfiguration;
			buildSettings = {
				ASSETCATALOG_COMPILER_GLOBAL_ACCENT_COLOR_NAME = AccentColor;
				ASSETCATALOG_COMPILER_WIDGET_BACKGROUND_COLOR_NAME = WidgetBackground;
				CODE_SIGN_STYLE = Automatic;
				CURRENT_PROJECT_VERSION = 1;
				GENERATE_INFOPLIST_FILE = YES;
				INFOPLIST_FILE = FootballAppWidget/Info.plist;
				INFOPLIST_KEY_CFBundleDisplayName = FootballAppWidget;
				INFOPLIST_KEY_NSHumanReadableCopyright = "";
				LD_RUNPATH_SEARCH_PATHS = (
					"$(inherited)",
					"@executable_path/Frameworks",
					"@executable_path/../../Frameworks",
				);
				MARKETING_VERSION = 1.0;
				PRODUCT_BUNDLE_IDENTIFIER = jvleesenbeek.FootballApp.FootballAppWidget;
				PRODUCT_NAME = "$(TARGET_NAME)";
				SKIP_INSTALL = YES;
				SWIFT_EMIT_LOC_STRINGS = YES;
				SWIFT_VERSION = 5.0;
				TARGETED_DEVICE_FAMILY = "1,2";
			};
			name = Release;
		};
/* End XCBuildConfiguration section */

/* Begin XCConfigurationList section */
		935C1CAF2BB186E600DAEDBD /* Build configuration list for PBXProject "FootballApp" */ = {
			isa = XCConfigurationList;
			buildConfigurations = (
				935C1CC02BB186E800DAEDBD /* Debug */,
				935C1CC12BB186E800DAEDBD /* Release */,
			);
			defaultConfigurationIsVisible = 0;
			defaultConfigurationName = Release;
		};
		935C1CC22BB186E800DAEDBD /* Build configuration list for PBXNativeTarget "FootballApp" */ = {
			isa = XCConfigurationList;
			buildConfigurations = (
				935C1CC32BB186E800DAEDBD /* Debug */,
				935C1CC42BB186E800DAEDBD /* Release */,
			);
			defaultConfigurationIsVisible = 0;
			defaultConfigurationName = Release;
		};
		9380D6762BB18B5F00A9759B /* Build configuration list for PBXNativeTarget "FootballAppWidgetExtension" */ = {
			isa = XCConfigurationList;
			buildConfigurations = (
				9380D6742BB18B5F00A9759B /* Debug */,
				9380D6752BB18B5F00A9759B /* Release */,
			);
			defaultConfigurationIsVisible = 0;
			defaultConfigurationName = Release;
		};
/* End XCConfigurationList section */
	};
	rootObject = 935C1CAC2BB186E600DAEDBD /* Project object */;
}
